
Microsoft Visual Studio Solution File, Format Version 12.00
# Visual Studio Version 17
VisualStudioVersion = 17.0.31903.59
MinimumVisualStudioVersion = 10.0.40219.1
Project("{2150E333-8FDC-42A3-9474-1A3956D46DE8}") = "src", "src", "{374B2E70-A0E8-48DF-AE96-D669C0464591}"
EndProject
Project("{FAE04EC0-301F-11D3-BF4B-00C04F79EFBC}") = "Aurora.Api", "src\Aurora.Api\Aurora.Api.csproj", "{A176E22B-6841-429E-AEF3-D5381A6914B3}"
EndProject
Global
	GlobalSection(SolutionConfigurationPlatforms) = preSolution
		Debug|Any CPU = Debug|Any CPU
		Release|Any CPU = Release|Any CPU
	EndGlobalSection
	GlobalSection(ProjectConfigurationPlatforms) = postSolution
		{A176E22B-6841-429E-AEF3-D5381A6914B3}.Debug|Any CPU.ActiveCfg = Debug|Any CPU
		{A176E22B-6841-429E-AEF3-D5381A6914B3}.Debug|Any CPU.Build.0 = Debug|Any CPU
		{A176E22B-6841-429E-AEF3-D5381A6914B3}.Release|Any CPU.ActiveCfg = Release|Any CPU
		{A176E22B-6841-429E-AEF3-D5381A6914B3}.Release|Any CPU.Build.0 = Release|Any CPU
	EndGlobalSection
	GlobalSection(SolutionProperties) = preSolution
		HideSolutionNode = FALSE
	EndGlobalSection
	GlobalSection(NestedProjects) = preSolution
		{A176E22B-6841-429E-AEF3-D5381A6914B3} = {374B2E70-A0E8-48DF-AE96-D669C0464591}
	EndGlobalSection
	GlobalSection(ExtensibilityGlobals) = postSolution
		SolutionGuid = {BDE8F928-42C5-4616-9F36-CE0CD65DCA2C}
	EndGlobalSection
EndGlobal
